
Microsoft Visual Studio Solution File, Format Version 12.00
# Visual Studio Version 17
VisualStudioVersion = 17.13.35806.99 d17.13
MinimumVisualStudioVersion = 10.0.40219.1
Project("{FAE04EC0-301F-11D3-BF4B-00C04F79EFBC}") = "HousePrediction", "HousePrediction\HousePrediction.csproj", "{7FB8F4A7-F893-4A60-9A23-E5B10B9E6DC5}"
EndProject
Global
	GlobalSection(SolutionConfigurationPlatforms) = preSolution
		Debug|Any CPU = Debug|Any CPU
		Release|Any CPU = Release|Any CPU
	EndGlobalSection
	GlobalSection(ProjectConfigurationPlatforms) = postSolution
		{7FB8F4A7-F893-4A60-9A23-E5B10B9E6DC5}.Debug|Any CPU.ActiveCfg = Debug|Any CPU
		{7FB8F4A7-F893-4A60-9A23-E5B10B9E6DC5}.Debug|Any CPU.Build.0 = Debug|Any CPU
		{7FB8F4A7-F893-4A60-9A23-E5B10B9E6DC5}.Release|Any CPU.ActiveCfg = Release|Any CPU
		{7FB8F4A7-F893-4A60-9A23-E5B10B9E6DC5}.Release|Any CPU.Build.0 = Release|Any CPU
	EndGlobalSection
	GlobalSection(SolutionProperties) = preSolution
		HideSolutionNode = FALSE
	EndGlobalSection
	GlobalSection(ExtensibilityGlobals) = postSolution
		SolutionGuid = {0B88F131-AC81-4ABB-A9AF-524A2D220315}
	EndGlobalSection
EndGlobal
